
Microsoft Visual Studio Solution File, Format Version 12.00
# Visual Studio 15
VisualStudioVersion = 15.0.27428.1
MinimumVisualStudioVersion = 10.0.40219.1
Project("{FAE04EC0-301F-11D3-BF4B-00C04F79EFBC}") = "WebChat", "WebChat\WebChat.csproj", "{D448D3DB-5229-4EE9-BF33-94636D71B4E3}"
EndProject
Project("{FAE04EC0-301F-11D3-BF4B-00C04F79EFBC}") = "WebChat.Tests", "WebChat.Tests\WebChat.Tests.csproj", "{B44E38FF-E8C0-40E7-86C0-B999C9C1A80E}"
EndProject
Global
	GlobalSection(SolutionConfigurationPlatforms) = preSolution
		Debug|Any CPU = Debug|Any CPU
		Release|Any CPU = Release|Any CPU
	EndGlobalSection
	GlobalSection(ProjectConfigurationPlatforms) = postSolution
		{D448D3DB-5229-4EE9-BF33-94636D71B4E3}.Debug|Any CPU.ActiveCfg = Debug|Any CPU
		{D448D3DB-5229-4EE9-BF33-94636D71B4E3}.Debug|Any CPU.Build.0 = Debug|Any CPU
		{D448D3DB-5229-4EE9-BF33-94636D71B4E3}.Release|Any CPU.ActiveCfg = Release|Any CPU
		{D448D3DB-5229-4EE9-BF33-94636D71B4E3}.Release|Any CPU.Build.0 = Release|Any CPU
		{B44E38FF-E8C0-40E7-86C0-B999C9C1A80E}.Debug|Any CPU.ActiveCfg = Debug|Any CPU
		{B44E38FF-E8C0-40E7-86C0-B999C9C1A80E}.Debug|Any CPU.Build.0 = Debug|Any CPU
		{B44E38FF-E8C0-40E7-86C0-B999C9C1A80E}.Release|Any CPU.ActiveCfg = Release|Any CPU
		{B44E38FF-E8C0-40E7-86C0-B999C9C1A80E}.Release|Any CPU.Build.0 = Release|Any CPU
	EndGlobalSection
	GlobalSection(SolutionProperties) = preSolution
		HideSolutionNode = FALSE
	EndGlobalSection
	GlobalSection(ExtensibilityGlobals) = postSolution
		SolutionGuid = {29BAF2DD-F816-4EE7-B435-E438DF64598B}
	EndGlobalSection
EndGlobal
